dependencies:
  idf:
    component_hash: null
    source:
      type: idf
    version: 5.2.1
  protocol_examples_common:
    component_hash: null
    source:
      path: /home/mah/esp/v5.2.1/esp-idf/examples/common_components/protocol_examples_common
      type: local
    version: '*'
manifest_hash: cf21cb532c9ea3525b266ff551fb485a6fd6267f818518b757e3a850bf7d34f8
target: esp32s3
version: 1.0.0
